
Microsoft Visual Studio Solution File, Format Version 12.00
# Visual Studio Version 16
VisualStudioVersion = 16.0.29609.76
MinimumVisualStudioVersion = 10.0.40219.1
Project("{FAE04EC0-301F-11D3-BF4B-00C04F79EFBC}") = "Mobiloids.Task", "Mobiloids.Task\Mobiloids.Task.csproj", "{464FC000-71AD-4EC9-8BD2-50829F0A574F}"
EndProject
Global
	GlobalSection(SolutionConfigurationPlatforms) = preSolution
		Debug|Any CPU = Debug|Any CPU
		Release|Any CPU = Release|Any CPU
	EndGlobalSection
	GlobalSection(ProjectConfigurationPlatforms) = postSolution
		{464FC000-71AD-4EC9-8BD2-50829F0A574F}.Debug|Any CPU.ActiveCfg = Debug|Any CPU
		{464FC000-71AD-4EC9-8BD2-50829F0A574F}.Debug|Any CPU.Build.0 = Debug|Any CPU
		{464FC000-71AD-4EC9-8BD2-50829F0A574F}.Release|Any CPU.ActiveCfg = Release|Any CPU
		{464FC000-71AD-4EC9-8BD2-50829F0A574F}.Release|Any CPU.Build.0 = Release|Any CPU
	EndGlobalSection
	GlobalSection(SolutionProperties) = preSolution
		HideSolutionNode = FALSE
	EndGlobalSection
	GlobalSection(ExtensibilityGlobals) = postSolution
		SolutionGuid = {FE523A52-54FE-49F6-9253-69D1EC70A2BE}
	EndGlobalSection
EndGlobal
